
Microsoft Visual Studio Solution File, Format Version 12.00
# Visual Studio Version 16
VisualStudioVersion = 16.0.31515.178
MinimumVisualStudioVersion = 10.0.40219.1
Project("{FAE04EC0-301F-11D3-BF4B-00C04F79EFBC}") = "Mobile.App.Pilot.Android", "Mobile.App.Pilot\Mobile.App.Pilot.Android\Mobile.App.Pilot.Android.csproj", "{D0D6BED4-68A1-4864-91B1-9A4CD029F764}"
EndProject
Project("{FAE04EC0-301F-11D3-BF4B-00C04F79EFBC}") = "Mobile.App.Pilot.iOS", "Mobile.App.Pilot\Mobile.App.Pilot.iOS\Mobile.App.Pilot.iOS.csproj", "{2040C2AE-8F6F-46C5-A5C7-10D618EC6DF7}"
EndProject
Project("{FAE04EC0-301F-11D3-BF4B-00C04F79EFBC}") = "Mobile.App.Pilot", "Mobile.App.Pilot\Mobile.App.Pilot\Mobile.App.Pilot.csproj", "{242D13A7-1B42-49E8-835D-7A8AB2B8BF8F}"
EndProject
Global
	GlobalSection(SolutionConfigurationPlatforms) = preSolution
		Debug|Any CPU = Debug|Any CPU
		Debug|iPhone = Debug|iPhone
		Debug|iPhoneSimulator = Debug|iPhoneSimulator
		Release|Any CPU = Release|Any CPU
		Release|iPhone = Release|iPhone
		Release|iPhoneSimulator = Release|iPhoneSimulator
	EndGlobalSection
	GlobalSection(ProjectConfigurationPlatforms) = postSolution
		{D0D6BED4-68A1-4864-91B1-9A4CD029F764}.Debug|Any CPU.ActiveCfg = Debug|Any CPU
		{D0D6BED4-68A1-4864-91B1-9A4CD029F764}.Debug|Any CPU.Build.0 = Debug|Any CPU
		{D0D6BED4-68A1-4864-91B1-9A4CD029F764}.Debug|Any CPU.Deploy.0 = Debug|Any CPU
		{D0D6BED4-68A1-4864-91B1-9A4CD029F764}.Debug|iPhone.ActiveCfg = Debug|Any CPU
		{D0D6BED4-68A1-4864-91B1-9A4CD029F764}.Debug|iPhone.Build.0 = Debug|Any CPU
		{D0D6BED4-68A1-4864-91B1-9A4CD029F764}.Debug|iPhone.Deploy.0 = Debug|Any CPU
		{D0D6BED4-68A1-4864-91B1-9A4CD029F764}.Debug|iPhoneSimulator.ActiveCfg = Debug|Any CPU
		{D0D6BED4-68A1-4864-91B1-9A4CD029F764}.Debug|iPhoneSimulator.Build.0 = Debug|Any CPU
		{D0D6BED4-68A1-4864-91B1-9A4CD029F764}.Debug|iPhoneSimulator.Deploy.0 = Debug|Any CPU
		{D0D6BED4-68A1-4864-91B1-9A4CD029F764}.Release|Any CPU.ActiveCfg = Release|Any CPU
		{D0D6BED4-68A1-4864-91B1-9A4CD029F764}.Release|Any CPU.Build.0 = Release|Any CPU
		{D0D6BED4-68A1-4864-91B1-9A4CD029F764}.Release|Any CPU.Deploy.0 = Release|Any CPU
		{D0D6BED4-68A1-4864-91B1-9A4CD029F764}.Release|iPhone.ActiveCfg = Release|Any CPU
		{D0D6BED4-68A1-4864-91B1-9A4CD029F764}.Release|iPhone.Build.0 = Release|Any CPU
		{D0D6BED4-68A1-4864-91B1-9A4CD029F764}.Release|iPhone.Deploy.0 = Release|Any CPU
		{D0D6BED4-68A1-4864-91B1-9A4CD029F764}.Release|iPhoneSimulator.ActiveCfg = Release|Any CPU
		{D0D6BED4-68A1-4864-91B1-9A4CD029F764}.Release|iPhoneSimulator.Build.0 = Release|Any CPU
		{D0D6BED4-68A1-4864-91B1-9A4CD029F764}.Release|iPhoneSimulator.Deploy.0 = Release|Any CPU
		{2040C2AE-8F6F-46C5-A5C7-10D618EC6DF7}.Debug|Any CPU.ActiveCfg = Debug|iPhone
		{2040C2AE-8F6F-46C5-A5C7-10D618EC6DF7}.Debug|Any CPU.Build.0 = Debug|iPhone
		{2040C2AE-8F6F-46C5-A5C7-10D618EC6DF7}.Debug|Any CPU.Deploy.0 = Debug|iPhone
		{2040C2AE-8F6F-46C5-A5C7-10D618EC6DF7}.Debug|iPhone.ActiveCfg = Debug|iPhone
		{2040C2AE-8F6F-46C5-A5C7-10D618EC6DF7}.Debug|iPhone.Build.0 = Debug|iPhone
		{2040C2AE-8F6F-46C5-A5C7-10D618EC6DF7}.Debug|iPhone.Deploy.0 = Debug|iPhone
		{2040C2AE-8F6F-46C5-A5C7-10D618EC6DF7}.Debug|iPhoneSimulator.ActiveCfg = Debug|iPhoneSimulator
		{2040C2AE-8F6F-46C5-A5C7-10D618EC6DF7}.Debug|iPhoneSimulator.Build.0 = Debug|iPhoneSimulator
		{2040C2AE-8F6F-46C5-A5C7-10D618EC6DF7}.Debug|iPhoneSimulator.Deploy.0 = Debug|iPhoneSimulator
		{2040C2AE-8F6F-46C5-A5C7-10D618EC6DF7}.Release|Any CPU.ActiveCfg = Release|iPhoneSimulator
		{2040C2AE-8F6F-46C5-A5C7-10D618EC6DF7}.Release|Any CPU.Build.0 = Release|iPhoneSimulator
		{2040C2AE-8F6F-46C5-A5C7-10D618EC6DF7}.Release|Any CPU.Deploy.0 = Release|iPhoneSimulator
		{2040C2AE-8F6F-46C5-A5C7-10D618EC6DF7}.Release|iPhone.ActiveCfg = Release|iPhone
		{2040C2AE-8F6F-46C5-A5C7-10D618EC6DF7}.Release|iPhone.Build.0 = Release|iPhone
		{2040C2AE-8F6F-46C5-A5C7-10D618EC6DF7}.Release|iPhone.Deploy.0 = Release|iPhone
		{2040C2AE-8F6F-46C5-A5C7-10D618EC6DF7}.Release|iPhoneSimulator.ActiveCfg = Release|iPhoneSimulator
		{2040C2AE-8F6F-46C5-A5C7-10D618EC6DF7}.Release|iPhoneSimulator.Build.0 = Release|iPhoneSimulator
		{2040C2AE-8F6F-46C5-A5C7-10D618EC6DF7}.Release|iPhoneSimulator.Deploy.0 = Release|iPhoneSimulator
		{242D13A7-1B42-49E8-835D-7A8AB2B8BF8F}.Debug|Any CPU.ActiveCfg = Debug|Any CPU
		{242D13A7-1B42-49E8-835D-7A8AB2B8BF8F}.Debug|Any CPU.Build.0 = Debug|Any CPU
		{242D13A7-1B42-49E8-835D-7A8AB2B8BF8F}.Debug|Any CPU.Deploy.0 = Debug|Any CPU
		{242D13A7-1B42-49E8-835D-7A8AB2B8BF8F}.Debug|iPhone.ActiveCfg = Debug|Any CPU
		{242D13A7-1B42-49E8-835D-7A8AB2B8BF8F}.Debug|iPhone.Build.0 = Debug|Any CPU
		{242D13A7-1B42-49E8-835D-7A8AB2B8BF8F}.Debug|iPhone.Deploy.0 = Debug|Any CPU
		{242D13A7-1B42-49E8-835D-7A8AB2B8BF8F}.Debug|iPhoneSimulator.ActiveCfg = Debug|Any CPU
		{242D13A7-1B42-49E8-835D-7A8AB2B8BF8F}.Debug|iPhoneSimulator.Build.0 = Debug|Any CPU
		{242D13A7-1B42-49E8-835D-7A8AB2B8BF8F}.Debug|iPhoneSimulator.Deploy.0 = Debug|Any CPU
		{242D13A7-1B42-49E8-835D-7A8AB2B8BF8F}.Release|Any CPU.ActiveCfg = Release|Any CPU
		{242D13A7-1B42-49E8-835D-7A8AB2B8BF8F}.Release|Any CPU.Build.0 = Release|Any CPU
		{242D13A7-1B42-49E8-835D-7A8AB2B8BF8F}.Release|Any CPU.Deploy.0 = Release|Any CPU
		{242D13A7-1B42-49E8-835D-7A8AB2B8BF8F}.Release|iPhone.ActiveCfg = Release|Any CPU
		{242D13A7-1B42-49E8-835D-7A8AB2B8BF8F}.Release|iPhone.Build.0 = Release|Any CPU
		{242D13A7-1B42-49E8-835D-7A8AB2B8BF8F}.Release|iPhone.Deploy.0 = Release|Any CPU
		{242D13A7-1B42-49E8-835D-7A8AB2B8BF8F}.Release|iPhoneSimulator.ActiveCfg = Release|Any CPU
		{242D13A7-1B42-49E8-835D-7A8AB2B8BF8F}.Release|iPhoneSimulator.Build.0 = Release|Any CPU
		{242D13A7-1B42-49E8-835D-7A8AB2B8BF8F}.Release|iPhoneSimulator.Deploy.0 = Release|Any CPU
	EndGlobalSection
	GlobalSection(SolutionProperties) = preSolution
		HideSolutionNode = FALSE
	EndGlobalSection
	GlobalSection(ExtensibilityGlobals) = postSolution
		SolutionGuid = {76532E86-3957-4BFE-812A-AA6664B26372}
	EndGlobalSection
EndGlobal
